// !$*UTF8*$!
{
	archiveVersion = 1;
	classes = {
	};
	objectVersion = 56;
	objects = {

/* Begin PBXBuildFile section */
		EE1B408F2C268A2B00B7FF27 /* MuscleRecordingApp.swift in Sources */ = {isa = PBXBuildFile; fileRef = EE1B408E2C268A2B00B7FF27 /* MuscleRecordingApp.swift */; };
		EE1B40912C268A2B00B7FF27 /* ContentView.swift in Sources */ = {isa = PBXBuildFile; fileRef = EE1B40902C268A2B00B7FF27 /* ContentView.swift */; };
		EE1B40932C268A2E00B7FF27 /* Assets.xcassets in Resources */ = {isa = PBXBuildFile; fileRef = EE1B40922C268A2E00B7FF27 /* Assets.xcassets */; };
		EE1B40962C268A2E00B7FF27 /* Preview Assets.xcassets in Resources */ = {isa = PBXBuildFile; fileRef = EE1B40952C268A2E00B7FF27 /* Preview Assets.xcassets */; };
		EE1B40982C268A2E00B7FF27 /* Persistence.swift in Sources */ = {isa = PBXBuildFile; fileRef = EE1B40972C268A2E00B7FF27 /* Persistence.swift */; };
		EE1B409B2C268A2E00B7FF27 /* MuscleRecording.xcdatamodeld in Sources */ = {isa = PBXBuildFile; fileRef = EE1B40992C268A2E00B7FF27 /* MuscleRecording.xcdatamodeld */; };
		EE1B40A22C26A58A00B7FF27 /* RecordingView.swift in Sources */ = {isa = PBXBuildFile; fileRef = EE1B40A12C26A58A00B7FF27 /* RecordingView.swift */; };
		EE1B40A42C26A59200B7FF27 /* PlayView.swift in Sources */ = {isa = PBXBuildFile; fileRef = EE1B40A32C26A59200B7FF27 /* PlayView.swift */; };
		EE1B40A82C26A63900B7FF27 /* PlayBodyView.swift in Sources */ = {isa = PBXBuildFile; fileRef = EE1B40A72C26A63900B7FF27 /* PlayBodyView.swift */; };
		EE1B40AE2C2A885B00B7FF27 /* BodyPart.swift in Sources */ = {isa = PBXBuildFile; fileRef = EE1B40AD2C2A885B00B7FF27 /* BodyPart.swift */; };
		EE1B40B02C2AAD2C00B7FF27 /* LineWithAnnotation.swift in Sources */ = {isa = PBXBuildFile; fileRef = EE1B40AF2C2AAD2C00B7FF27 /* LineWithAnnotation.swift */; };
		EE1B40B22C2AAD5900B7FF27 /* EditPreviewCellView.swift in Sources */ = {isa = PBXBuildFile; fileRef = EE1B40B12C2AAD5900B7FF27 /* EditPreviewCellView.swift */; };
		EE6CA4722C2AAE77009F7B10 /* EditSheetView.swift in Sources */ = {isa = PBXBuildFile; fileRef = EE6CA4712C2AAE77009F7B10 /* EditSheetView.swift */; };
		EE6CA4742C2AC3F0009F7B10 /* RecordingViewModel.swift in Sources */ = {isa = PBXBuildFile; fileRef = EE6CA4732C2AC3F0009F7B10 /* RecordingViewModel.swift */; };
		EE6CA4792C2BAF50009F7B10 /* LineWithPreviewAnnotation.swift in Sources */ = {isa = PBXBuildFile; fileRef = EE6CA4782C2BAF50009F7B10 /* LineWithPreviewAnnotation.swift */; };
		EE6CA47B2C2BB63B009F7B10 /* String+BodySubPart.swift in Sources */ = {isa = PBXBuildFile; fileRef = EE6CA47A2C2BB63B009F7B10 /* String+BodySubPart.swift */; };
		EE6CA47D2C2BD49F009F7B10 /* ReminderView.swift in Sources */ = {isa = PBXBuildFile; fileRef = EE6CA47C2C2BD49F009F7B10 /* ReminderView.swift */; };
		EE6CA47F2C2BD692009F7B10 /* AINoteView.swift in Sources */ = {isa = PBXBuildFile; fileRef = EE6CA47E2C2BD692009F7B10 /* AINoteView.swift */; };
		EE6CA4812C2BE757009F7B10 /* DatePickerView.swift in Sources */ = {isa = PBXBuildFile; fileRef = EE6CA4802C2BE757009F7B10 /* DatePickerView.swift */; };
		EE6CA4832C2BEBDA009F7B10 /* Date+String.swift in Sources */ = {isa = PBXBuildFile; fileRef = EE6CA4822C2BEBDA009F7B10 /* Date+String.swift */; };
		EE6CA4852C2BF561009F7B10 /* NotificationManager.swift in Sources */ = {isa = PBXBuildFile; fileRef = EE6CA4842C2BF561009F7B10 /* NotificationManager.swift */; };
/* End PBXBuildFile section */

/* Begin PBXFileReference section */
		EE1B408B2C268A2B00B7FF27 /* MuscleRecording.app */ = {isa = PBXFileReference; explicitFileType = wrapper.application; includeInIndex = 0; path = MuscleRecording.app; sourceTree = BUILT_PRODUCTS_DIR; };
		EE1B408E2C268A2B00B7FF27 /* MuscleRecordingApp.swift */ = {isa = PBXFileReference; lastKnownFileType = sourcecode.swift; path = MuscleRecordingApp.swift; sourceTree = "<group>"; };
		EE1B40902C268A2B00B7FF27 /* ContentView.swift */ = {isa = PBXFileReference; lastKnownFileType = sourcecode.swift; path = ContentView.swift; sourceTree = "<group>"; };
		EE1B40922C268A2E00B7FF27 /* Assets.xcassets */ = {isa = PBXFileReference; lastKnownFileType = folder.assetcatalog; path = Assets.xcassets; sourceTree = "<group>"; };
		EE1B40952C268A2E00B7FF27 /* Preview Assets.xcassets */ = {isa = PBXFileReference; lastKnownFileType = folder.assetcatalog; path = "Preview Assets.xcassets"; sourceTree = "<group>"; };
		EE1B40972C268A2E00B7FF27 /* Persistence.swift */ = {isa = PBXFileReference; lastKnownFileType = sourcecode.swift; path = Persistence.swift; sourceTree = "<group>"; };
		EE1B409A2C268A2E00B7FF27 /* MuscleRecording.xcdatamodel */ = {isa = PBXFileReference; lastKnownFileType = wrapper.xcdatamodel; path = MuscleRecording.xcdatamodel; sourceTree = "<group>"; };
		EE1B40A12C26A58A00B7FF27 /* RecordingView.swift */ = {isa = PBXFileReference; lastKnownFileType = sourcecode.swift; path = RecordingView.swift; sourceTree = "<group>"; };
		EE1B40A32C26A59200B7FF27 /* PlayView.swift */ = {isa = PBXFileReference; lastKnownFileType = sourcecode.swift; path = PlayView.swift; sourceTree = "<group>"; };
		EE1B40A72C26A63900B7FF27 /* PlayBodyView.swift */ = {isa = PBXFileReference; lastKnownFileType = sourcecode.swift; path = PlayBodyView.swift; sourceTree = "<group>"; };
		EE1B40AD2C2A885B00B7FF27 /* BodyPart.swift */ = {isa = PBXFileReference; lastKnownFileType = sourcecode.swift; path = BodyPart.swift; sourceTree = "<group>"; };
		EE1B40AF2C2AAD2C00B7FF27 /* LineWithAnnotation.swift */ = {isa = PBXFileReference; lastKnownFileType = sourcecode.swift; path = LineWithAnnotation.swift; sourceTree = "<group>"; };
		EE1B40B12C2AAD5900B7FF27 /* EditPreviewCellView.swift */ = {isa = PBXFileReference; lastKnownFileType = sourcecode.swift; path = EditPreviewCellView.swift; sourceTree = "<group>"; };
		EE6CA4712C2AAE77009F7B10 /* EditSheetView.swift */ = {isa = PBXFileReference; lastKnownFileType = sourcecode.swift; path = EditSheetView.swift; sourceTree = "<group>"; };
		EE6CA4732C2AC3F0009F7B10 /* RecordingViewModel.swift */ = {isa = PBXFileReference; lastKnownFileType = sourcecode.swift; path = RecordingViewModel.swift; sourceTree = "<group>"; };
		EE6CA4782C2BAF50009F7B10 /* LineWithPreviewAnnotation.swift */ = {isa = PBXFileReference; lastKnownFileType = sourcecode.swift; path = LineWithPreviewAnnotation.swift; sourceTree = "<group>"; };
		EE6CA47A2C2BB63B009F7B10 /* String+BodySubPart.swift */ = {isa = PBXFileReference; lastKnownFileType = sourcecode.swift; path = "String+BodySubPart.swift"; sourceTree = "<group>"; };
		EE6CA47C2C2BD49F009F7B10 /* ReminderView.swift */ = {isa = PBXFileReference; lastKnownFileType = sourcecode.swift; path = ReminderView.swift; sourceTree = "<group>"; };
		EE6CA47E2C2BD692009F7B10 /* AINoteView.swift */ = {isa = PBXFileReference; lastKnownFileType = sourcecode.swift; path = AINoteView.swift; sourceTree = "<group>"; };
		EE6CA4802C2BE757009F7B10 /* DatePickerView.swift */ = {isa = PBXFileReference; lastKnownFileType = sourcecode.swift; path = DatePickerView.swift; sourceTree = "<group>"; };
		EE6CA4822C2BEBDA009F7B10 /* Date+String.swift */ = {isa = PBXFileReference; lastKnownFileType = sourcecode.swift; path = "Date+String.swift"; sourceTree = "<group>"; };
		EE6CA4842C2BF561009F7B10 /* NotificationManager.swift */ = {isa = PBXFileReference; lastKnownFileType = sourcecode.swift; path = NotificationManager.swift; sourceTree = "<group>"; };
/* End PBXFileReference section */

/* Begin PBXFrameworksBuildPhase section */
		EE1B40882C268A2B00B7FF27 /* Frameworks */ = {
			isa = PBXFrameworksBuildPhase;
			buildActionMask = 2147483647;
			files = (
			);
			runOnlyForDeploymentPostprocessing = 0;
		};
/* End PBXFrameworksBuildPhase section */

/* Begin PBXGroup section */
		EE1B40822C268A2B00B7FF27 = {
			isa = PBXGroup;
			children = (
				EE1B408D2C268A2B00B7FF27 /* MuscleRecording */,
				EE1B408C2C268A2B00B7FF27 /* Products */,
			);
			sourceTree = "<group>";
		};
		EE1B408C2C268A2B00B7FF27 /* Products */ = {
			isa = PBXGroup;
			children = (
				EE1B408B2C268A2B00B7FF27 /* MuscleRecording.app */,
			);
			name = Products;
			sourceTree = "<group>";
		};
		EE1B408D2C268A2B00B7FF27 /* MuscleRecording */ = {
			isa = PBXGroup;
			children = (
				EE1B408E2C268A2B00B7FF27 /* MuscleRecordingApp.swift */,
				EE1B40902C268A2B00B7FF27 /* ContentView.swift */,
				EE6CA4862C2C0BC8009F7B10 /* CodeTool */,
				EE6CA4752C2ADF7B009F7B10 /* Data */,
				EE1B40B32C2AAD9700B7FF27 /* EditModeView */,
				EE6CA4762C2BAE6F009F7B10 /* PlayModeView */,
				EE6CA4842C2BF561009F7B10 /* NotificationManager.swift */,
				EE1B40922C268A2E00B7FF27 /* Assets.xcassets */,
				EE1B40972C268A2E00B7FF27 /* Persistence.swift */,
				EE1B40992C268A2E00B7FF27 /* MuscleRecording.xcdatamodeld */,
				EE1B40942C268A2E00B7FF27 /* Preview Content */,
			);
			path = MuscleRecording;
			sourceTree = "<group>";
		};
		EE1B40942C268A2E00B7FF27 /* Preview Content */ = {
			isa = PBXGroup;
			children = (
				EE1B40952C268A2E00B7FF27 /* Preview Assets.xcassets */,
			);
			path = "Preview Content";
			sourceTree = "<group>";
		};
		EE1B40B32C2AAD9700B7FF27 /* EditModeView */ = {
			isa = PBXGroup;
			children = (
				EE1B40A12C26A58A00B7FF27 /* RecordingView.swift */,
				EE6CA4712C2AAE77009F7B10 /* EditSheetView.swift */,
				EE1B40B12C2AAD5900B7FF27 /* EditPreviewCellView.swift */,
				EE1B40AF2C2AAD2C00B7FF27 /* LineWithAnnotation.swift */,
			);
			path = EditModeView;
			sourceTree = "<group>";
		};
		EE6CA4752C2ADF7B009F7B10 /* Data */ = {
			isa = PBXGroup;
			children = (
				EE6CA4732C2AC3F0009F7B10 /* RecordingViewModel.swift */,
				EE1B40AD2C2A885B00B7FF27 /* BodyPart.swift */,
			);
			path = Data;
			sourceTree = "<group>";
		};
		EE6CA4762C2BAE6F009F7B10 /* PlayModeView */ = {
			isa = PBXGroup;
			children = (
				EE1B40A32C26A59200B7FF27 /* PlayView.swift */,
				EE1B40A72C26A63900B7FF27 /* PlayBodyView.swift */,
				EE6CA47C2C2BD49F009F7B10 /* ReminderView.swift */,
				EE6CA4802C2BE757009F7B10 /* DatePickerView.swift */,
				EE6CA47E2C2BD692009F7B10 /* AINoteView.swift */,
				EE6CA4782C2BAF50009F7B10 /* LineWithPreviewAnnotation.swift */,
			);
			path = PlayModeView;
			sourceTree = "<group>";
		};
		EE6CA4862C2C0BC8009F7B10 /* CodeTool */ = {
			isa = PBXGroup;
			children = (
				EE6CA47A2C2BB63B009F7B10 /* String+BodySubPart.swift */,
				EE6CA4822C2BEBDA009F7B10 /* Date+String.swift */,
			);
			path = CodeTool;
			sourceTree = "<group>";
		};
/* End PBXGroup section */

/* Begin PBXNativeTarget section */
		EE1B408A2C268A2B00B7FF27 /* MuscleRecording */ = {
			isa = PBXNativeTarget;
			buildConfigurationList = EE1B409E2C268A2E00B7FF27 /* Build configuration list for PBXNativeTarget "MuscleRecording" */;
			buildPhases = (
				EE1B40872C268A2B00B7FF27 /* Sources */,
				EE1B40882C268A2B00B7FF27 /* Frameworks */,
				EE1B40892C268A2B00B7FF27 /* Resources */,
			);
			buildRules = (
			);
			dependencies = (
			);
			name = MuscleRecording;
			productName = MuscleRecording;
			productReference = EE1B408B2C268A2B00B7FF27 /* MuscleRecording.app */;
			productType = "com.apple.product-type.application";
		};
/* End PBXNativeTarget section */

/* Begin PBXProject section */
		EE1B40832C268A2B00B7FF27 /* Project object */ = {
			isa = PBXProject;
			attributes = {
				BuildIndependentTargetsInParallel = 1;
				LastSwiftUpdateCheck = 1540;
				LastUpgradeCheck = 1540;
				TargetAttributes = {
					EE1B408A2C268A2B00B7FF27 = {
						CreatedOnToolsVersion = 15.4;
					};
				};
			};
			buildConfigurationList = EE1B40862C268A2B00B7FF27 /* Build configuration list for PBXProject "MuscleRecording" */;
			compatibilityVersion = "Xcode 14.0";
			developmentRegion = en;
			hasScannedForEncodings = 0;
			knownRegions = (
				en,
				Base,
			);
			mainGroup = EE1B40822C268A2B00B7FF27;
			productRefGroup = EE1B408C2C268A2B00B7FF27 /* Products */;
			projectDirPath = "";
			projectRoot = "";
			targets = (
				EE1B408A2C268A2B00B7FF27 /* MuscleRecording */,
			);
		};
/* End PBXProject section */

/* Begin PBXResourcesBuildPhase section */
		EE1B40892C268A2B00B7FF27 /* Resources */ = {
			isa = PBXResourcesBuildPhase;
			buildActionMask = 2147483647;
			files = (
				EE1B40962C268A2E00B7FF27 /* Preview Assets.xcassets in Resources */,
				EE1B40932C268A2E00B7FF27 /* Assets.xcassets in Resources */,
			);
			runOnlyForDeploymentPostprocessing = 0;
		};
/* End PBXResourcesBuildPhase section */

/* Begin PBXSourcesBuildPhase section */
		EE1B40872C268A2B00B7FF27 /* Sources */ = {
			isa = PBXSourcesBuildPhase;
			buildActionMask = 2147483647;
			files = (
				EE1B40A42C26A59200B7FF27 /* PlayView.swift in Sources */,
				EE6CA4832C2BEBDA009F7B10 /* Date+String.swift in Sources */,
				EE1B40B02C2AAD2C00B7FF27 /* LineWithAnnotation.swift in Sources */,
				EE1B40982C268A2E00B7FF27 /* Persistence.swift in Sources */,
				EE6CA4722C2AAE77009F7B10 /* EditSheetView.swift in Sources */,
				EE1B40B22C2AAD5900B7FF27 /* EditPreviewCellView.swift in Sources */,
				EE6CA47F2C2BD692009F7B10 /* AINoteView.swift in Sources */,
				EE1B40AE2C2A885B00B7FF27 /* BodyPart.swift in Sources */,
				EE6CA4742C2AC3F0009F7B10 /* RecordingViewModel.swift in Sources */,
				EE1B40A22C26A58A00B7FF27 /* RecordingView.swift in Sources */,
				EE1B40A82C26A63900B7FF27 /* PlayBodyView.swift in Sources */,
				EE1B40912C268A2B00B7FF27 /* ContentView.swift in Sources */,
				EE6CA4812C2BE757009F7B10 /* DatePickerView.swift in Sources */,
				EE6CA47B2C2BB63B009F7B10 /* String+BodySubPart.swift in Sources */,
				EE6CA4792C2BAF50009F7B10 /* LineWithPreviewAnnotation.swift in Sources */,
				EE6CA4852C2BF561009F7B10 /* NotificationManager.swift in Sources */,
				EE1B409B2C268A2E00B7FF27 /* MuscleRecording.xcdatamodeld in Sources */,
				EE6CA47D2C2BD49F009F7B10 /* ReminderView.swift in Sources */,
				EE1B408F2C268A2B00B7FF27 /* MuscleRecordingApp.swift in Sources */,
			);
			runOnlyForDeploymentPostprocessing = 0;
		};
/* End PBXSourcesBuildPhase section */

/* Begin XCBuildConfiguration section */
		EE1B409C2C268A2E00B7FF27 /* Debug */ = {
			isa = XCBuildConfiguration;
			buildSettings = {
				ALWAYS_SEARCH_USER_PATHS = NO;
				ASSETCATALOG_COMPILER_GENERATE_SWIFT_ASSET_SYMBOL_EXTENSIONS = YES;
				CLANG_ANALYZER_NONNULL = YES;
				CLANG_ANALYZER_NUMBER_OBJECT_CONVERSION = YES_AGGRESSIVE;
				CLANG_CXX_LANGUAGE_STANDARD = "gnu++20";
				CLANG_ENABLE_MODULES = YES;
				CLANG_ENABLE_OBJC_ARC = YES;
				CLANG_ENABLE_OBJC_WEAK = YES;
				CLANG_WARN_BLOCK_CAPTURE_AUTORELEASING = YES;
				CLANG_WARN_BOOL_CONVERSION = YES;
				CLANG_WARN_COMMA = YES;
				CLANG_WARN_CONSTANT_CONVERSION = YES;
				CLANG_WARN_DEPRECATED_OBJC_IMPLEMENTATIONS = YES;
				CLANG_WARN_DIRECT_OBJC_ISA_USAGE = YES_ERROR;
				CLANG_WARN_DOCUMENTATION_COMMENTS = YES;
				CLANG_WARN_EMPTY_BODY = YES;
				CLANG_WARN_ENUM_CONVERSION = YES;
				CLANG_WARN_INFINITE_RECURSION = YES;
				CLANG_WARN_INT_CONVERSION = YES;
				CLANG_WARN_NON_LITERAL_NULL_CONVERSION = YES;
				CLANG_WARN_OBJC_IMPLICIT_RETAIN_SELF = YES;
				CLANG_WARN_OBJC_LITERAL_CONVERSION = YES;
				CLANG_WARN_OBJC_ROOT_CLASS = YES_ERROR;
				CLANG_WARN_QUOTED_INCLUDE_IN_FRAMEWORK_HEADER = YES;
				CLANG_WARN_RANGE_LOOP_ANALYSIS = YES;
				CLANG_WARN_STRICT_PROTOTYPES = YES;
				CLANG_WARN_SUSPICIOUS_MOVE = YES;
				CLANG_WARN_UNGUARDED_AVAILABILITY = YES_AGGRESSIVE;
				CLANG_WARN_UNREACHABLE_CODE = YES;
				CLANG_WARN__DUPLICATE_METHOD_MATCH = YES;
				COPY_PHASE_STRIP = NO;
				DEBUG_INFORMATION_FORMAT = dwarf;
				ENABLE_STRICT_OBJC_MSGSEND = YES;
				ENABLE_TESTABILITY = YES;
				ENABLE_USER_SCRIPT_SANDBOXING = YES;
				GCC_C_LANGUAGE_STANDARD = gnu17;
				GCC_DYNAMIC_NO_PIC = NO;
				GCC_NO_COMMON_BLOCKS = YES;
				GCC_OPTIMIZATION_LEVEL = 0;
				GCC_PREPROCESSOR_DEFINITIONS = (
					"DEBUG=1",
					"$(inherited)",
				);
				GCC_WARN_64_TO_32_BIT_CONVERSION = YES;
				GCC_WARN_ABOUT_RETURN_TYPE = YES_ERROR;
				GCC_WARN_UNDECLARED_SELECTOR = YES;
				GCC_WARN_UNINITIALIZED_AUTOS = YES_AGGRESSIVE;
				GCC_WARN_UNUSED_FUNCTION = YES;
				GCC_WARN_UNUSED_VARIABLE = YES;
				INFOPLIST_KEY_NSRemindersUsageDescription = "我们需要通知权限来提醒您。";
				IPHONEOS_DEPLOYMENT_TARGET = 17.5;
				LOCALIZATION_PREFERS_STRING_CATALOGS = YES;
				MTL_ENABLE_DEBUG_INFO = INCLUDE_SOURCE;
				MTL_FAST_MATH = YES;
				ONLY_ACTIVE_ARCH = YES;
				SDKROOT = iphoneos;
				SWIFT_ACTIVE_COMPILATION_CONDITIONS = "DEBUG $(inherited)";
				SWIFT_OPTIMIZATION_LEVEL = "-Onone";
			};
			name = Debug;
		};
		EE1B409D2C268A2E00B7FF27 /* Release */ = {
			isa = XCBuildConfiguration;
			buildSettings = {
				ALWAYS_SEARCH_USER_PATHS = NO;
				ASSETCATALOG_COMPILER_GENERATE_SWIFT_ASSET_SYMBOL_EXTENSIONS = YES;
				CLANG_ANALYZER_NONNULL = YES;
				CLANG_ANALYZER_NUMBER_OBJECT_CONVERSION = YES_AGGRESSIVE;
				CLANG_CXX_LANGUAGE_STANDARD = "gnu++20";
				CLANG_ENABLE_MODULES = YES;
				CLANG_ENABLE_OBJC_ARC = YES;
				CLANG_ENABLE_OBJC_WEAK = YES;
				CLANG_WARN_BLOCK_CAPTURE_AUTORELEASING = YES;
				CLANG_WARN_BOOL_CONVERSION = YES;
				CLANG_WARN_COMMA = YES;
				CLANG_WARN_CONSTANT_CONVERSION = YES;
				CLANG_WARN_DEPRECATED_OBJC_IMPLEMENTATIONS = YES;
				CLANG_WARN_DIRECT_OBJC_ISA_USAGE = YES_ERROR;
				CLANG_WARN_DOCUMENTATION_COMMENTS = YES;
				CLANG_WARN_EMPTY_BODY = YES;
				CLANG_WARN_ENUM_CONVERSION = YES;
				CLANG_WARN_INFINITE_RECURSION = YES;
				CLANG_WARN_INT_CONVERSION = YES;
				CLANG_WARN_NON_LITERAL_NULL_CONVERSION = YES;
				CLANG_WARN_OBJC_IMPLICIT_RETAIN_SELF = YES;
				CLANG_WARN_OBJC_LITERAL_CONVERSION = YES;
				CLANG_WARN_OBJC_ROOT_CLASS = YES_ERROR;
				CLANG_WARN_QUOTED_INCLUDE_IN_FRAMEWORK_HEADER = YES;
				CLANG_WARN_RANGE_LOOP_ANALYSIS = YES;
				CLANG_WARN_STRICT_PROTOTYPES = YES;
				CLANG_WARN_SUSPICIOUS_MOVE = YES;
				CLANG_WARN_UNGUARDED_AVAILABILITY = YES_AGGRESSIVE;
				CLANG_WARN_UNREACHABLE_CODE = YES;
				CLANG_WARN__DUPLICATE_METHOD_MATCH = YES;
				COPY_PHASE_STRIP = NO;
				DEBUG_INFORMATION_FORMAT = "dwarf-with-dsym";
				ENABLE_NS_ASSERTIONS = NO;
				ENABLE_STRICT_OBJC_MSGSEND = YES;
				ENABLE_USER_SCRIPT_SANDBOXING = YES;
				GCC_C_LANGUAGE_STANDARD = gnu17;
				GCC_NO_COMMON_BLOCKS = YES;
				GCC_WARN_64_TO_32_BIT_CONVERSION = YES;
				GCC_WARN_ABOUT_RETURN_TYPE = YES_ERROR;
				GCC_WARN_UNDECLARED_SELECTOR = YES;
				GCC_WARN_UNINITIALIZED_AUTOS = YES_AGGRESSIVE;
				GCC_WARN_UNUSED_FUNCTION = YES;
				GCC_WARN_UNUSED_VARIABLE = YES;
				INFOPLIST_KEY_NSRemindersUsageDescription = "我们需要通知权限来提醒您。";
				IPHONEOS_DEPLOYMENT_TARGET = 17.5;
				LOCALIZATION_PREFERS_STRING_CATALOGS = YES;
				MTL_ENABLE_DEBUG_INFO = NO;
				MTL_FAST_MATH = YES;
				SDKROOT = iphoneos;
				SWIFT_COMPILATION_MODE = wholemodule;
				VALIDATE_PRODUCT = YES;
			};
			name = Release;
		};
		EE1B409F2C268A2E00B7FF27 /* Debug */ = {
			isa = XCBuildConfiguration;
			buildSettings = {
				ASSETCATALOG_COMPILER_APPICON_NAME = AppIcon;
				ASSETCATALOG_COMPILER_GLOBAL_ACCENT_COLOR_NAME = AccentColor;
				CODE_SIGN_STYLE = Automatic;
				CURRENT_PROJECT_VERSION = 1;
				DEVELOPMENT_ASSET_PATHS = "\"MuscleRecording/Preview Content\"";
				DEVELOPMENT_TEAM = 55ST287647;
				ENABLE_PREVIEWS = YES;
				GENERATE_INFOPLIST_FILE = YES;
				INFOPLIST_KEY_UIApplicationSceneManifest_Generation = YES;
				INFOPLIST_KEY_UIApplicationSupportsIndirectInputEvents = YES;
				INFOPLIST_KEY_UILaunchScreen_Generation = YES;
				INFOPLIST_KEY_UISupportedInterfaceOrientations_iPad = "UIInterfaceOrientationPortrait UIInterfaceOrientationPortraitUpsideDown UIInterfaceOrientationLandscapeLeft UIInterfaceOrientationLandscapeRight";
				INFOPLIST_KEY_UISupportedInterfaceOrientations_iPhone = "UIInterfaceOrientationPortrait UIInterfaceOrientationLandscapeLeft UIInterfaceOrientationLandscapeRight";
				LD_RUNPATH_SEARCH_PATHS = (
					"$(inherited)",
					"@executable_path/Frameworks",
				);
				MARKETING_VERSION = 1.0;
				PRODUCT_BUNDLE_IDENTIFIER = com.qianqian.MuscleRecording;
				PRODUCT_NAME = "$(TARGET_NAME)";
				SWIFT_EMIT_LOC_STRINGS = YES;
				SWIFT_VERSION = 5.0;
				TARGETED_DEVICE_FAMILY = "1,2";
			};
			name = Debug;
		};
		EE1B40A02C268A2E00B7FF27 /* Release */ = {
			isa = XCBuildConfiguration;
			buildSettings = {
				ASSETCATALOG_COMPILER_APPICON_NAME = AppIcon;
				ASSETCATALOG_COMPILER_GLOBAL_ACCENT_COLOR_NAME = AccentColor;
				CODE_SIGN_STYLE = Automatic;
				CURRENT_PROJECT_VERSION = 1;
				DEVELOPMENT_ASSET_PATHS = "\"MuscleRecording/Preview Content\"";
				DEVELOPMENT_TEAM = 55ST287647;
				ENABLE_PREVIEWS = YES;
				GENERATE_INFOPLIST_FILE = YES;
				INFOPLIST_KEY_UIApplicationSceneManifest_Generation = YES;
				INFOPLIST_KEY_UIApplicationSupportsIndirectInputEvents = YES;
				INFOPLIST_KEY_UILaunchScreen_Generation = YES;
				INFOPLIST_KEY_UISupportedInterfaceOrientations_iPad = "UIInterfaceOrientationPortrait UIInterfaceOrientationPortraitUpsideDown UIInterfaceOrientationLandscapeLeft UIInterfaceOrientationLandscapeRight";
				INFOPLIST_KEY_UISupportedInterfaceOrientations_iPhone = "UIInterfaceOrientationPortrait UIInterfaceOrientationLandscapeLeft UIInterfaceOrientationLandscapeRight";
				LD_RUNPATH_SEARCH_PATHS = (
					"$(inherited)",
					"@executable_path/Frameworks",
				);
				MARKETING_VERSION = 1.0;
				PRODUCT_BUNDLE_IDENTIFIER = com.qianqian.MuscleRecording;
				PRODUCT_NAME = "$(TARGET_NAME)";
				SWIFT_EMIT_LOC_STRINGS = YES;
				SWIFT_VERSION = 5.0;
				TARGETED_DEVICE_FAMILY = "1,2";
			};
			name = Release;
		};
/* End XCBuildConfiguration section */

/* Begin XCConfigurationList section */
		EE1B40862C268A2B00B7FF27 /* Build configuration list for PBXProject "MuscleRecording" */ = {
			isa = XCConfigurationList;
			buildConfigurations = (
				EE1B409C2C268A2E00B7FF27 /* Debug */,
				EE1B409D2C268A2E00B7FF27 /* Release */,
			);
			defaultConfigurationIsVisible = 0;
			defaultConfigurationName = Release;
		};
		EE1B409E2C268A2E00B7FF27 /* Build configuration list for PBXNativeTarget "MuscleRecording" */ = {
			isa = XCConfigurationList;
			buildConfigurations = (
				EE1B409F2C268A2E00B7FF27 /* Debug */,
				EE1B40A02C268A2E00B7FF27 /* Release */,
			);
			defaultConfigurationIsVisible = 0;
			defaultConfigurationName = Release;
		};
/* End XCConfigurationList section */

/* Begin XCVersionGroup section */
		EE1B40992C268A2E00B7FF27 /* MuscleRecording.xcdatamodeld */ = {
			isa = XCVersionGroup;
			children = (
				EE1B409A2C268A2E00B7FF27 /* MuscleRecording.xcdatamodel */,
			);
			currentVersion = EE1B409A2C268A2E00B7FF27 /* MuscleRecording.xcdatamodel */;
			path = MuscleRecording.xcdatamodeld;
			sourceTree = "<group>";
			versionGroupType = wrapper.xcdatamodel;
		};
/* End XCVersionGroup section */
	};
	rootObject = EE1B40832C268A2B00B7FF27 /* Project object */;
}
